{
    "_readme": [
        "This file locks the dependencies of your project to a known state",
        "Read more about it at https://getcomposer.org/doc/01-basic-usage.md#installing-dependencies",
        "This file is @generated automatically"
    ],
    "content-hash": "9ed7f3c7f9cc85321f7ef4e4d576c142",
    "packages": [
        {
            "name": "bacon/bacon-qr-code",
            "version": "v3.0.0",
            "source": {
                "type": "git",
                "url": "https://github.com/Bacon/BaconQrCode.git",
                "reference": "510de6eca6248d77d31b339d62437cc995e2fb41"
            },
            "dist": {
                "type": "zip",
                "url": "https://api.github.com/repos/Bacon/BaconQrCode/zipball/510de6eca6248d77d31b339d62437cc995e2fb41",
                "reference": "510de6eca6248d77d31b339d62437cc995e2fb41",
                "shasum": ""
            },
            "require": {
                "dasprid/enum": "^1.0.3",
                "ext-iconv": "*",
                "php": "^8.1"
            },
            "require-dev": {
                "phly/keep-a-changelog": "^2.12",
                "phpunit/phpunit": "^10.5.11 || 11.0.4",
                "spatie/phpunit-snapshot-assertions": "^5.1.5",
                "squizlabs/php_codesniffer": "^3.9"
            },
            "suggest": {
                "ext-imagick": "to generate QR code images"
            },
            "type": "library",
            "autoload": {
                "psr-4": {
                    "BaconQrCode\\": "src/"
                }
            },
            "notification-url": "https://packagist.org/downloads/",
            "license": [
                "BSD-2-Clause"
            ],
            "authors": [
                {
                    "name": "Ben Scholzen 'DASPRiD'",
                    "email": "mail@dasprids.de",
                    "homepage": "https://dasprids.de/",
                    "role": "Developer"
                }
            ],
            "description": "BaconQrCode is a QR code generator for PHP.",
            "homepage": "https://github.com/Bacon/BaconQrCode",
            "support": {
                "issues": "https://github.com/Bacon/BaconQrCode/issues",
                "source": "https://github.com/Bacon/BaconQrCode/tree/v3.0.0"
            },
            "time": "2024-04-18T11:16:25+00:00"
        },
        {
            "name": "dasprid/enum",
            "version": "1.0.5",
            "source": {
                "type": "git",
                "url": "https://github.com/DASPRiD/Enum.git",
                "reference": "6faf451159fb8ba4126b925ed2d78acfce0dc016"
            },
            "dist": {
                "type": "zip",
                "url": "https://api.github.com/repos/DASPRiD/Enum/zipball/6faf451159fb8ba4126b925ed2d78acfce0dc016",
                "reference": "6faf451159fb8ba4126b925ed2d78acfce0dc016",
                "shasum": ""
            },
            "require": {
                "php": ">=7.1 <9.0"
            },
            "require-dev": {
                "phpunit/phpunit": "^7 | ^8 | ^9",
                "squizlabs/php_codesniffer": "*"
            },
            "type": "library",
            "autoload": {
                "psr-4": {
                    "DASPRiD\\Enum\\": "src/"
                }
            },
            "notification-url": "https://packagist.org/downloads/",
            "license": [
                "BSD-2-Clause"
            ],
            "authors": [
                {
                    "name": "Ben Scholzen 'DASPRiD'",
                    "email": "mail@dasprids.de",
                    "homepage": "https://dasprids.de/",
                    "role": "Developer"
                }
            ],
            "description": "PHP 7.1 enum implementation",
            "keywords": [
                "enum",
                "map"
            ],
            "support": {
                "issues": "https://github.com/DASPRiD/Enum/issues",
                "source": "https://github.com/DASPRiD/Enum/tree/1.0.5"
            },
            "time": "2023-08-25T16:18:39+00:00"
        },
        {
            "name": "endroid/qr-code",
            "version": "5.0.8",
            "source": {
                "type": "git",
                "url": "https://github.com/endroid/qr-code.git",
                "reference": "cb6b31a7aa99df9c6c2dc09a5fa2aaa617f6e5bb"
            },
            "dist": {
                "type": "zip",
                "url": "https://api.github.com/repos/endroid/qr-code/zipball/cb6b31a7aa99df9c6c2dc09a5fa2aaa617f6e5bb",
                "reference": "cb6b31a7aa99df9c6c2dc09a5fa2aaa617f6e5bb",
                "shasum": ""
            },
            "require": {
                "bacon/bacon-qr-code": "^3.0",
                "php": "^8.1"
            },
            "require-dev": {
                "endroid/quality": "dev-main",
                "ext-gd": "*",
                "khanamiryan/qrcode-detector-decoder": "^2.0.2",
                "setasign/fpdf": "^1.8.2"
            },
            "suggest": {
                "ext-gd": "Enables you to write PNG images",
                "khanamiryan/qrcode-detector-decoder": "Enables you to use the image validator",
                "roave/security-advisories": "Makes sure package versions with known security issues are not installed",
                "setasign/fpdf": "Enables you to use the PDF writer"
            },
            "type": "library",
            "extra": {
                "branch-alias": {
                    "dev-main": "5.x-dev"
                }
            },
            "autoload": {
                "psr-4": {
                    "Endroid\\QrCode\\": "src/"
                }
            },
            "notification-url": "https://packagist.org/downloads/",
            "license": [
                "MIT"
            ],
            "authors": [
                {
                    "name": "Jeroen van den Enden",
                    "email": "info@endroid.nl"
                }
            ],
            "description": "Endroid QR Code",
            "homepage": "https://github.com/endroid/qr-code",
            "keywords": [
                "code",
                "endroid",
                "php",
                "qr",
                "qrcode"
            ],
            "support": {
                "issues": "https://github.com/endroid/qr-code/issues",
                "source": "https://github.com/endroid/qr-code/tree/5.0.8"
            },
            "funding": [
                {
                    "url": "https://github.com/endroid",
                    "type": "github"
                }
            ],
            "time": "2024-04-19T08:36:52+00:00"
        },
        {
            "name": "php-ds/php-ds",
            "version": "v1.5.0",
            "source": {
                "type": "git",
                "url": "https://github.com/php-ds/polyfill.git",
                "reference": "7b2c5f1843466d50769a0682ce6fa9ddaaa99cb4"
            },
            "dist": {
                "type": "zip",
                "url": "https://api.github.com/repos/php-ds/polyfill/zipball/7b2c5f1843466d50769a0682ce6fa9ddaaa99cb4",
                "reference": "7b2c5f1843466d50769a0682ce6fa9ddaaa99cb4",
                "shasum": ""
            },
            "require": {
                "ext-json": "*",
                "php": ">=7.0"
            },
            "provide": {
                "ext-ds": "1.5.0"
            },
            "require-dev": {
                "php-ds/tests": "^1.5"
            },
            "suggest": {
                "ext-ds": "to improve performance and reduce memory usage"
            },
            "type": "library",
            "autoload": {
                "psr-4": {
                    "Ds\\": "src"
                }
            },
            "notification-url": "https://packagist.org/downloads/",
            "license": [
                "MIT"
            ],
            "authors": [
                {
                    "name": "Rudi Theunissen",
                    "email": "rudolf.theunissen@gmail.com"
                }
            ],
            "keywords": [
                "data structures",
                "ds",
                "php",
                "polyfill"
            ],
            "support": {
                "issues": "https://github.com/php-ds/polyfill/issues",
                "source": "https://github.com/php-ds/polyfill/tree/v1.5.0"
            },
            "time": "2023-12-19T16:52:21+00:00"
        },
        {
            "name": "psr/log",
            "version": "3.0.0",
            "source": {
                "type": "git",
                "url": "https://github.com/php-fig/log.git",
                "reference": "fe5ea303b0887d5caefd3d431c3e61ad47037001"
            },
            "dist": {
                "type": "zip",
                "url": "https://api.github.com/repos/php-fig/log/zipball/fe5ea303b0887d5caefd3d431c3e61ad47037001",
                "reference": "fe5ea303b0887d5caefd3d431c3e61ad47037001",
                "shasum": ""
            },
            "require": {
                "php": ">=8.0.0"
            },
            "type": "library",
            "extra": {
                "branch-alias": {
                    "dev-master": "3.x-dev"
                }
            },
            "autoload": {
                "psr-4": {
                    "Psr\\Log\\": "src"
                }
            },
            "notification-url": "https://packagist.org/downloads/",
            "license": [
                "MIT"
            ],
            "authors": [
                {
                    "name": "PHP-FIG",
                    "homepage": "https://www.php-fig.org/"
                }
            ],
            "description": "Common interface for logging libraries",
            "homepage": "https://github.com/php-fig/log",
            "keywords": [
                "log",
                "psr",
                "psr-3"
            ],
            "support": {
                "source": "https://github.com/php-fig/log/tree/3.0.0"
            },
            "time": "2021-07-14T16:46:02+00:00"
        },
        {
            "name": "yoomoney/yookassa-sdk-php",
            "version": "3.3.0",
            "source": {
                "type": "git",
                "url": "https://git.yoomoney.ru/scm/sdk/yookassa-sdk-php.git",
                "reference": "56ff6902fa11ef3d762e807b54b21823e91ff08b"
            },
            "dist": {
                "type": "zip",
                "url": "https://git.yoomoney.ru/rest/api/latest/projects/SDK/repos/yookassa-sdk-php/archive?at=refs%2Ftags%2F3.3.0&format=zip"
            },
            "require": {
                "ext-curl": "*",
                "ext-json": "*",
                "ext-mbstring": "*",
                "php": ">=8.0",
                "php-ds/php-ds": "^1.4",
                "psr/log": "^2.0 || ^3.0",
                "yoomoney/yookassa-sdk-validator": "^1.0"
            },
            "require-dev": {
                "ext-xml": "*",
                "friendsofphp/php-cs-fixer": "^3.15",
                "mockery/mockery": "^1.5",
                "php-parallel-lint/php-parallel-lint": "^1.3",
                "phpmd/phpmd": "^2.13",
                "phpstan/phpstan": "^1.10",
                "phpunit/phpunit": "^9.6"
            },
            "type": "library",
            "autoload": {
                "psr-4": {
                    "YooKassa\\": "lib/"
                }
            },
            "notification-url": "https://packagist.org/downloads/",
            "license": [
                "MIT"
            ],
            "authors": [
                {
                    "name": "YooMoney",
                    "email": "cms@yoomoney.ru"
                }
            ],
            "description": "This is a developer tool for integration with YooMoney.",
            "homepage": "https://yookassa.ru/developers/api",
            "keywords": [
                "api",
                "payments",
                "sdk",
                "yookassa",
                "yoomoney"
            ],
            "time": "2024-04-01T14:27:35+00:00"
        },
        {
            "name": "yoomoney/yookassa-sdk-validator",
            "version": "1.0.1",
            "source": {
                "type": "git",
                "url": "https://git.yoomoney.ru/scm/sdk/yookassa-sdk-validator-php.git",
                "reference": "0726f254113cd48881ac6b90bf2d9645e6c5a285"
            },
            "dist": {
                "type": "zip",
                "url": "https://git.yoomoney.ru/rest/api/latest/projects/SDK/repos/yookassa-sdk-validator-php/archive?at=refs%2Ftags%2F1.0.1&format=zip"
            },
            "require": {
                "ext-mbstring": "*",
                "php": ">=8.0.0"
            },
            "require-dev": {
                "ext-xml": "*",
                "phpunit/phpunit": "^9.6"
            },
            "type": "library",
            "autoload": {
                "psr-4": {
                    "YooKassa\\Validator\\": "src/"
                }
            },
            "notification-url": "https://packagist.org/downloads/",
            "license": [
                "MIT"
            ],
            "authors": [
                {
                    "name": "YooMoney",
                    "email": "cms@yoomoney.ru"
                }
            ],
            "description": "This is a developer tool for validating with YooMoney.",
            "time": "2023-06-23T08:14:29+00:00"
        }
    ],
    "packages-dev": [],
    "aliases": [],
    "minimum-stability": "stable",
    "stability-flags": [],
    "prefer-stable": false,
    "prefer-lowest": false,
    "platform": {
        "ext-pdo": "*"
    },
    "platform-dev": [],
    "plugin-api-version": "2.6.0"
}
